
Microsoft Visual Studio Solution File, Format Version 12.00
# Visual Studio 15
VisualStudioVersion = 15.0.28307.1259
MinimumVisualStudioVersion = 10.0.40219.1
Project("{8BC9CEB8-8B4A-11D0-8D11-00A0C91BC942}") = "CodingTest_Programmers", "CodingTest_Programmers\CodingTest_Programmers.vcxproj", "{65F22E65-4E2E-4297-85C2-B2E46CDC6142}"
EndProject
Project("{2150E333-8FDC-42A3-9474-1A3956D46DE8}") = "Level1", "Level1", "{F8FF1661-AACA-45A7-9017-81160AE47CD8}"
EndProject
Project("{8BC9CEB8-8B4A-11D0-8D11-00A0C91BC942}") = "Level1_두 정수 사이의 합", "Level1_두 정수 사이의 합\Level1_두 정수 사이의 합.vcxproj", "{B70CAF70-7709-4208-A4FA-C92233212E70}"
EndProject
Project("{8BC9CEB8-8B4A-11D0-8D11-00A0C91BC942}") = "Level1_문자열 다루기 기본", "Level1_문자열 다루기 기본\Level1_문자열 다루기 기본.vcxproj", "{B9D8AC02-E64D-42E6-8311-1C9C73CBC26B}"
EndProject
Project("{8BC9CEB8-8B4A-11D0-8D11-00A0C91BC942}") = "Level1_문자열을 정수로 바꾸기", "Level1_문자열을 정수로 바꾸기\Level1_문자열을 정수로 바꾸기.vcxproj", "{0D66F4FB-372E-42F4-8269-04E18FF7D8AC}"
EndProject
Project("{8BC9CEB8-8B4A-11D0-8D11-00A0C91BC942}") = "Level1_짝수와 홀수", "Level1_짝수와 홀수\Level1_짝수와 홀수.vcxproj", "{570FDD22-A2F8-4E6A-A5E7-16D4A5D8FC1D}"
EndProject
Project("{8BC9CEB8-8B4A-11D0-8D11-00A0C91BC942}") = "Level1_같은 숫자는 싫어", "Level1_같은 숫자는 싫어\Level1_같은 숫자는 싫어.vcxproj", "{53D873BF-8498-4575-9669-21C0301D2DA9}"
EndProject
Project("{8BC9CEB8-8B4A-11D0-8D11-00A0C91BC942}") = "Level1_가운데 글자 가져오기", "Level1_가운데 글자 가져오기\Level1_가운데 글자 가져오기.vcxproj", "{47D448DE-0F5A-4D09-A467-58712085590D}"
EndProject
Global
	GlobalSection(SolutionConfigurationPlatforms) = preSolution
		Debug|x64 = Debug|x64
		Debug|x86 = Debug|x86
		Release|x64 = Release|x64
		Release|x86 = Release|x86
	EndGlobalSection
	GlobalSection(ProjectConfigurationPlatforms) = postSolution
		{65F22E65-4E2E-4297-85C2-B2E46CDC6142}.Debug|x64.ActiveCfg = Debug|x64
		{65F22E65-4E2E-4297-85C2-B2E46CDC6142}.Debug|x64.Build.0 = Debug|x64
		{65F22E65-4E2E-4297-85C2-B2E46CDC6142}.Debug|x86.ActiveCfg = Debug|Win32
		{65F22E65-4E2E-4297-85C2-B2E46CDC6142}.Debug|x86.Build.0 = Debug|Win32
		{65F22E65-4E2E-4297-85C2-B2E46CDC6142}.Release|x64.ActiveCfg = Release|x64
		{65F22E65-4E2E-4297-85C2-B2E46CDC6142}.Release|x64.Build.0 = Release|x64
		{65F22E65-4E2E-4297-85C2-B2E46CDC6142}.Release|x86.ActiveCfg = Release|Win32
		{65F22E65-4E2E-4297-85C2-B2E46CDC6142}.Release|x86.Build.0 = Release|Win32
		{B70CAF70-7709-4208-A4FA-C92233212E70}.Debug|x64.ActiveCfg = Debug|x64
		{B70CAF70-7709-4208-A4FA-C92233212E70}.Debug|x64.Build.0 = Debug|x64
		{B70CAF70-7709-4208-A4FA-C92233212E70}.Debug|x86.ActiveCfg = Debug|Win32
		{B70CAF70-7709-4208-A4FA-C92233212E70}.Debug|x86.Build.0 = Debug|Win32
		{B70CAF70-7709-4208-A4FA-C92233212E70}.Release|x64.ActiveCfg = Release|x64
		{B70CAF70-7709-4208-A4FA-C92233212E70}.Release|x64.Build.0 = Release|x64
		{B70CAF70-7709-4208-A4FA-C92233212E70}.Release|x86.ActiveCfg = Release|Win32
		{B70CAF70-7709-4208-A4FA-C92233212E70}.Release|x86.Build.0 = Release|Win32
		{B9D8AC02-E64D-42E6-8311-1C9C73CBC26B}.Debug|x64.ActiveCfg = Debug|x64
		{B9D8AC02-E64D-42E6-8311-1C9C73CBC26B}.Debug|x64.Build.0 = Debug|x64
		{B9D8AC02-E64D-42E6-8311-1C9C73CBC26B}.Debug|x86.ActiveCfg = Debug|Win32
		{B9D8AC02-E64D-42E6-8311-1C9C73CBC26B}.Debug|x86.Build.0 = Debug|Win32
		{B9D8AC02-E64D-42E6-8311-1C9C73CBC26B}.Release|x64.ActiveCfg = Release|x64
		{B9D8AC02-E64D-42E6-8311-1C9C73CBC26B}.Release|x64.Build.0 = Release|x64
		{B9D8AC02-E64D-42E6-8311-1C9C73CBC26B}.Release|x86.ActiveCfg = Release|Win32
		{B9D8AC02-E64D-42E6-8311-1C9C73CBC26B}.Release|x86.Build.0 = Release|Win32
		{0D66F4FB-372E-42F4-8269-04E18FF7D8AC}.Debug|x64.ActiveCfg = Debug|x64
		{0D66F4FB-372E-42F4-8269-04E18FF7D8AC}.Debug|x64.Build.0 = Debug|x64
		{0D66F4FB-372E-42F4-8269-04E18FF7D8AC}.Debug|x86.ActiveCfg = Debug|Win32
		{0D66F4FB-372E-42F4-8269-04E18FF7D8AC}.Debug|x86.Build.0 = Debug|Win32
		{0D66F4FB-372E-42F4-8269-04E18FF7D8AC}.Release|x64.ActiveCfg = Release|x64
		{0D66F4FB-372E-42F4-8269-04E18FF7D8AC}.Release|x64.Build.0 = Release|x64
		{0D66F4FB-372E-42F4-8269-04E18FF7D8AC}.Release|x86.ActiveCfg = Release|Win32
		{0D66F4FB-372E-42F4-8269-04E18FF7D8AC}.Release|x86.Build.0 = Release|Win32
		{570FDD22-A2F8-4E6A-A5E7-16D4A5D8FC1D}.Debug|x64.ActiveCfg = Debug|x64
		{570FDD22-A2F8-4E6A-A5E7-16D4A5D8FC1D}.Debug|x64.Build.0 = Debug|x64
		{570FDD22-A2F8-4E6A-A5E7-16D4A5D8FC1D}.Debug|x86.ActiveCfg = Debug|Win32
		{570FDD22-A2F8-4E6A-A5E7-16D4A5D8FC1D}.Debug|x86.Build.0 = Debug|Win32
		{570FDD22-A2F8-4E6A-A5E7-16D4A5D8FC1D}.Release|x64.ActiveCfg = Release|x64
		{570FDD22-A2F8-4E6A-A5E7-16D4A5D8FC1D}.Release|x64.Build.0 = Release|x64
		{570FDD22-A2F8-4E6A-A5E7-16D4A5D8FC1D}.Release|x86.ActiveCfg = Release|Win32
		{570FDD22-A2F8-4E6A-A5E7-16D4A5D8FC1D}.Release|x86.Build.0 = Release|Win32
		{53D873BF-8498-4575-9669-21C0301D2DA9}.Debug|x64.ActiveCfg = Debug|x64
		{53D873BF-8498-4575-9669-21C0301D2DA9}.Debug|x64.Build.0 = Debug|x64
		{53D873BF-8498-4575-9669-21C0301D2DA9}.Debug|x86.ActiveCfg = Debug|Win32
		{53D873BF-8498-4575-9669-21C0301D2DA9}.Debug|x86.Build.0 = Debug|Win32
		{53D873BF-8498-4575-9669-21C0301D2DA9}.Release|x64.ActiveCfg = Release|x64
		{53D873BF-8498-4575-9669-21C0301D2DA9}.Release|x64.Build.0 = Release|x64
		{53D873BF-8498-4575-9669-21C0301D2DA9}.Release|x86.ActiveCfg = Release|Win32
		{53D873BF-8498-4575-9669-21C0301D2DA9}.Release|x86.Build.0 = Release|Win32
		{47D448DE-0F5A-4D09-A467-58712085590D}.Debug|x64.ActiveCfg = Debug|x64
		{47D448DE-0F5A-4D09-A467-58712085590D}.Debug|x64.Build.0 = Debug|x64
		{47D448DE-0F5A-4D09-A467-58712085590D}.Debug|x86.ActiveCfg = Debug|Win32
		{47D448DE-0F5A-4D09-A467-58712085590D}.Debug|x86.Build.0 = Debug|Win32
		{47D448DE-0F5A-4D09-A467-58712085590D}.Release|x64.ActiveCfg = Release|x64
		{47D448DE-0F5A-4D09-A467-58712085590D}.Release|x64.Build.0 = Release|x64
		{47D448DE-0F5A-4D09-A467-58712085590D}.Release|x86.ActiveCfg = Release|Win32
		{47D448DE-0F5A-4D09-A467-58712085590D}.Release|x86.Build.0 = Release|Win32
	EndGlobalSection
	GlobalSection(SolutionProperties) = preSolution
		HideSolutionNode = FALSE
	EndGlobalSection
	GlobalSection(NestedProjects) = preSolution
		{B70CAF70-7709-4208-A4FA-C92233212E70} = {F8FF1661-AACA-45A7-9017-81160AE47CD8}
		{B9D8AC02-E64D-42E6-8311-1C9C73CBC26B} = {F8FF1661-AACA-45A7-9017-81160AE47CD8}
		{0D66F4FB-372E-42F4-8269-04E18FF7D8AC} = {F8FF1661-AACA-45A7-9017-81160AE47CD8}
		{570FDD22-A2F8-4E6A-A5E7-16D4A5D8FC1D} = {F8FF1661-AACA-45A7-9017-81160AE47CD8}
		{53D873BF-8498-4575-9669-21C0301D2DA9} = {F8FF1661-AACA-45A7-9017-81160AE47CD8}
		{47D448DE-0F5A-4D09-A467-58712085590D} = {F8FF1661-AACA-45A7-9017-81160AE47CD8}
	EndGlobalSection
	GlobalSection(ExtensibilityGlobals) = postSolution
		SolutionGuid = {410E7A7A-1A63-40F7-9B37-56911B2A0CA6}
	EndGlobalSection
EndGlobal
