
Microsoft Visual Studio Solution File, Format Version 12.00
# Visual Studio 15
VisualStudioVersion = 15.0.28307.1259
MinimumVisualStudioVersion = 10.0.40219.1
Project("{8BC9CEB8-8B4A-11D0-8D11-00A0C91BC942}") = "CodingTest_Programmers", "CodingTest_Programmers\CodingTest_Programmers.vcxproj", "{65F22E65-4E2E-4297-85C2-B2E46CDC6142}"
EndProject
Project("{2150E333-8FDC-42A3-9474-1A3956D46DE8}") = "Level1", "Level1", "{F8FF1661-AACA-45A7-9017-81160AE47CD8}"
EndProject
Project("{8BC9CEB8-8B4A-11D0-8D11-00A0C91BC942}") = "Level1_두 정수 사이의 합", "Level1_두 정수 사이의 합\Level1_두 정수 사이의 합.vcxproj", "{B70CAF70-7709-4208-A4FA-C92233212E70}"
EndProject
Project("{8BC9CEB8-8B4A-11D0-8D11-00A0C91BC942}") = "Level1_문자열 다루기 기본", "Level1_문자열 다루기 기본\Level1_문자열 다루기 기본.vcxproj", "{B9D8AC02-E64D-42E6-8311-1C9C73CBC26B}"
EndProject
Project("{8BC9CEB8-8B4A-11D0-8D11-00A0C91BC942}") = "Level1_문자열을 정수로 바꾸기", "Level1_문자열을 정수로 바꾸기\Level1_문자열을 정수로 바꾸기.vcxproj", "{0D66F4FB-372E-42F4-8269-04E18FF7D8AC}"
EndProject
Project("{8BC9CEB8-8B4A-11D0-8D11-00A0C91BC942}") = "Level1_짝수와 홀수", "Level1_짝수와 홀수\Level1_짝수와 홀수.vcxproj", "{570FDD22-A2F8-4E6A-A5E7-16D4A5D8FC1D}"
EndProject
Project("{8BC9CEB8-8B4A-11D0-8D11-00A0C91BC942}") = "Level1_같은 숫자는 싫어", "Level1_같은 숫자는 싫어\Level1_같은 숫자는 싫어.vcxproj", "{53D873BF-8498-4575-9669-21C0301D2DA9}"
EndProject
Project("{8BC9CEB8-8B4A-11D0-8D11-00A0C91BC942}") = "Level1_가운데 글자 가져오기", "Level1_가운데 글자 가져오기\Level1_가운데 글자 가져오기.vcxproj", "{47D448DE-0F5A-4D09-A467-58712085590D}"
EndProject
Project("{8BC9CEB8-8B4A-11D0-8D11-00A0C91BC942}") = "Level1_서울에서 김서방 찾기", "Level1_서울에서 김서방 찾기\Level1_서울에서 김서방 찾기.vcxproj", "{B2A105AC-57B4-4879-81D5-E2FEA2E3E9A1}"
EndProject
Project("{8BC9CEB8-8B4A-11D0-8D11-00A0C91BC942}") = "Level1_수박수박수박수박수박수", "Level1_수박수박수박수박수박수\Level1_수박수박수박수박수박수.vcxproj", "{75CF5969-994E-45F5-BF4A-3C8E5F4975C9}"
EndProject
Project("{8BC9CEB8-8B4A-11D0-8D11-00A0C91BC942}") = "Level1_평균 구하기", "Level1_평균 구하기\Level1_평균 구하기.vcxproj", "{9C888E48-D21F-483D-AE31-8DA01E5E9B94}"
EndProject
Project("{8BC9CEB8-8B4A-11D0-8D11-00A0C91BC942}") = "Level1_문자열 내 p와 y의 개수", "Level1_문자열 내 p와 y의 개수\Level1_문자열 내 p와 y의 개수.vcxproj", "{C40A396C-A2E9-44BD-8E12-C2FB03AD18D4}"
EndProject
Project("{8BC9CEB8-8B4A-11D0-8D11-00A0C91BC942}") = "Level1_나누어 떨어지는 숫자 배열", "Level1_나누어 떨어지는 숫자 배열\Level1_나누어 떨어지는 숫자 배열.vcxproj", "{CB4EEC69-0150-4D7B-8F0B-6E177BE12477}"
EndProject
Project("{8BC9CEB8-8B4A-11D0-8D11-00A0C91BC942}") = "Level1_문자열 내림차순으로 배치하기", "Level1_문자열 내림차순으로 배치하기\Level1_문자열 내림차순으로 배치하기.vcxproj", "{A06E2825-E75B-4723-BF28-4DBEAC597D77}"
EndProject
Project("{8BC9CEB8-8B4A-11D0-8D11-00A0C91BC942}") = "Level1_정수 내림차순으로 배치하기", "Level1_정수 내림차순으로 배치하기\Level1_정수 내림차순으로 배치하기.vcxproj", "{2178A250-3F6E-4F10-B0A3-8391E9331EA4}"
EndProject
Project("{8BC9CEB8-8B4A-11D0-8D11-00A0C91BC942}") = "Level1_자릿수 더하기", "Level1_자릿수 더하기\Level1_자릿수 더하기.vcxproj", "{C4080146-C00A-44AB-A27D-D6A138FBF39E}"
EndProject
Global
	GlobalSection(SolutionConfigurationPlatforms) = preSolution
		Debug|x64 = Debug|x64
		Debug|x86 = Debug|x86
		Release|x64 = Release|x64
		Release|x86 = Release|x86
	EndGlobalSection
	GlobalSection(ProjectConfigurationPlatforms) = postSolution
		{65F22E65-4E2E-4297-85C2-B2E46CDC6142}.Debug|x64.ActiveCfg = Debug|x64
		{65F22E65-4E2E-4297-85C2-B2E46CDC6142}.Debug|x64.Build.0 = Debug|x64
		{65F22E65-4E2E-4297-85C2-B2E46CDC6142}.Debug|x86.ActiveCfg = Debug|Win32
		{65F22E65-4E2E-4297-85C2-B2E46CDC6142}.Debug|x86.Build.0 = Debug|Win32
		{65F22E65-4E2E-4297-85C2-B2E46CDC6142}.Release|x64.ActiveCfg = Release|x64
		{65F22E65-4E2E-4297-85C2-B2E46CDC6142}.Release|x64.Build.0 = Release|x64
		{65F22E65-4E2E-4297-85C2-B2E46CDC6142}.Release|x86.ActiveCfg = Release|Win32
		{65F22E65-4E2E-4297-85C2-B2E46CDC6142}.Release|x86.Build.0 = Release|Win32
		{B70CAF70-7709-4208-A4FA-C92233212E70}.Debug|x64.ActiveCfg = Debug|x64
		{B70CAF70-7709-4208-A4FA-C92233212E70}.Debug|x64.Build.0 = Debug|x64
		{B70CAF70-7709-4208-A4FA-C92233212E70}.Debug|x86.ActiveCfg = Debug|Win32
		{B70CAF70-7709-4208-A4FA-C92233212E70}.Debug|x86.Build.0 = Debug|Win32
		{B70CAF70-7709-4208-A4FA-C92233212E70}.Release|x64.ActiveCfg = Release|x64
		{B70CAF70-7709-4208-A4FA-C92233212E70}.Release|x64.Build.0 = Release|x64
		{B70CAF70-7709-4208-A4FA-C92233212E70}.Release|x86.ActiveCfg = Release|Win32
		{B70CAF70-7709-4208-A4FA-C92233212E70}.Release|x86.Build.0 = Release|Win32
		{B9D8AC02-E64D-42E6-8311-1C9C73CBC26B}.Debug|x64.ActiveCfg = Debug|x64
		{B9D8AC02-E64D-42E6-8311-1C9C73CBC26B}.Debug|x64.Build.0 = Debug|x64
		{B9D8AC02-E64D-42E6-8311-1C9C73CBC26B}.Debug|x86.ActiveCfg = Debug|Win32
		{B9D8AC02-E64D-42E6-8311-1C9C73CBC26B}.Debug|x86.Build.0 = Debug|Win32
		{B9D8AC02-E64D-42E6-8311-1C9C73CBC26B}.Release|x64.ActiveCfg = Release|x64
		{B9D8AC02-E64D-42E6-8311-1C9C73CBC26B}.Release|x64.Build.0 = Release|x64
		{B9D8AC02-E64D-42E6-8311-1C9C73CBC26B}.Release|x86.ActiveCfg = Release|Win32
		{B9D8AC02-E64D-42E6-8311-1C9C73CBC26B}.Release|x86.Build.0 = Release|Win32
		{0D66F4FB-372E-42F4-8269-04E18FF7D8AC}.Debug|x64.ActiveCfg = Debug|x64
		{0D66F4FB-372E-42F4-8269-04E18FF7D8AC}.Debug|x64.Build.0 = Debug|x64
		{0D66F4FB-372E-42F4-8269-04E18FF7D8AC}.Debug|x86.ActiveCfg = Debug|Win32
		{0D66F4FB-372E-42F4-8269-04E18FF7D8AC}.Debug|x86.Build.0 = Debug|Win32
		{0D66F4FB-372E-42F4-8269-04E18FF7D8AC}.Release|x64.ActiveCfg = Release|x64
		{0D66F4FB-372E-42F4-8269-04E18FF7D8AC}.Release|x64.Build.0 = Release|x64
		{0D66F4FB-372E-42F4-8269-04E18FF7D8AC}.Release|x86.ActiveCfg = Release|Win32
		{0D66F4FB-372E-42F4-8269-04E18FF7D8AC}.Release|x86.Build.0 = Release|Win32
		{570FDD22-A2F8-4E6A-A5E7-16D4A5D8FC1D}.Debug|x64.ActiveCfg = Debug|x64
		{570FDD22-A2F8-4E6A-A5E7-16D4A5D8FC1D}.Debug|x64.Build.0 = Debug|x64
		{570FDD22-A2F8-4E6A-A5E7-16D4A5D8FC1D}.Debug|x86.ActiveCfg = Debug|Win32
		{570FDD22-A2F8-4E6A-A5E7-16D4A5D8FC1D}.Debug|x86.Build.0 = Debug|Win32
		{570FDD22-A2F8-4E6A-A5E7-16D4A5D8FC1D}.Release|x64.ActiveCfg = Release|x64
		{570FDD22-A2F8-4E6A-A5E7-16D4A5D8FC1D}.Release|x64.Build.0 = Release|x64
		{570FDD22-A2F8-4E6A-A5E7-16D4A5D8FC1D}.Release|x86.ActiveCfg = Release|Win32
		{570FDD22-A2F8-4E6A-A5E7-16D4A5D8FC1D}.Release|x86.Build.0 = Release|Win32
		{53D873BF-8498-4575-9669-21C0301D2DA9}.Debug|x64.ActiveCfg = Debug|x64
		{53D873BF-8498-4575-9669-21C0301D2DA9}.Debug|x64.Build.0 = Debug|x64
		{53D873BF-8498-4575-9669-21C0301D2DA9}.Debug|x86.ActiveCfg = Debug|Win32
		{53D873BF-8498-4575-9669-21C0301D2DA9}.Debug|x86.Build.0 = Debug|Win32
		{53D873BF-8498-4575-9669-21C0301D2DA9}.Release|x64.ActiveCfg = Release|x64
		{53D873BF-8498-4575-9669-21C0301D2DA9}.Release|x64.Build.0 = Release|x64
		{53D873BF-8498-4575-9669-21C0301D2DA9}.Release|x86.ActiveCfg = Release|Win32
		{53D873BF-8498-4575-9669-21C0301D2DA9}.Release|x86.Build.0 = Release|Win32
		{47D448DE-0F5A-4D09-A467-58712085590D}.Debug|x64.ActiveCfg = Debug|x64
		{47D448DE-0F5A-4D09-A467-58712085590D}.Debug|x64.Build.0 = Debug|x64
		{47D448DE-0F5A-4D09-A467-58712085590D}.Debug|x86.ActiveCfg = Debug|Win32
		{47D448DE-0F5A-4D09-A467-58712085590D}.Debug|x86.Build.0 = Debug|Win32
		{47D448DE-0F5A-4D09-A467-58712085590D}.Release|x64.ActiveCfg = Release|x64
		{47D448DE-0F5A-4D09-A467-58712085590D}.Release|x64.Build.0 = Release|x64
		{47D448DE-0F5A-4D09-A467-58712085590D}.Release|x86.ActiveCfg = Release|Win32
		{47D448DE-0F5A-4D09-A467-58712085590D}.Release|x86.Build.0 = Release|Win32
		{B2A105AC-57B4-4879-81D5-E2FEA2E3E9A1}.Debug|x64.ActiveCfg = Debug|x64
		{B2A105AC-57B4-4879-81D5-E2FEA2E3E9A1}.Debug|x64.Build.0 = Debug|x64
		{B2A105AC-57B4-4879-81D5-E2FEA2E3E9A1}.Debug|x86.ActiveCfg = Debug|Win32
		{B2A105AC-57B4-4879-81D5-E2FEA2E3E9A1}.Debug|x86.Build.0 = Debug|Win32
		{B2A105AC-57B4-4879-81D5-E2FEA2E3E9A1}.Release|x64.ActiveCfg = Release|x64
		{B2A105AC-57B4-4879-81D5-E2FEA2E3E9A1}.Release|x64.Build.0 = Release|x64
		{B2A105AC-57B4-4879-81D5-E2FEA2E3E9A1}.Release|x86.ActiveCfg = Release|Win32
		{B2A105AC-57B4-4879-81D5-E2FEA2E3E9A1}.Release|x86.Build.0 = Release|Win32
		{75CF5969-994E-45F5-BF4A-3C8E5F4975C9}.Debug|x64.ActiveCfg = Debug|x64
		{75CF5969-994E-45F5-BF4A-3C8E5F4975C9}.Debug|x64.Build.0 = Debug|x64
		{75CF5969-994E-45F5-BF4A-3C8E5F4975C9}.Debug|x86.ActiveCfg = Debug|Win32
		{75CF5969-994E-45F5-BF4A-3C8E5F4975C9}.Debug|x86.Build.0 = Debug|Win32
		{75CF5969-994E-45F5-BF4A-3C8E5F4975C9}.Release|x64.ActiveCfg = Release|x64
		{75CF5969-994E-45F5-BF4A-3C8E5F4975C9}.Release|x64.Build.0 = Release|x64
		{75CF5969-994E-45F5-BF4A-3C8E5F4975C9}.Release|x86.ActiveCfg = Release|Win32
		{75CF5969-994E-45F5-BF4A-3C8E5F4975C9}.Release|x86.Build.0 = Release|Win32
		{9C888E48-D21F-483D-AE31-8DA01E5E9B94}.Debug|x64.ActiveCfg = Debug|x64
		{9C888E48-D21F-483D-AE31-8DA01E5E9B94}.Debug|x64.Build.0 = Debug|x64
		{9C888E48-D21F-483D-AE31-8DA01E5E9B94}.Debug|x86.ActiveCfg = Debug|Win32
		{9C888E48-D21F-483D-AE31-8DA01E5E9B94}.Debug|x86.Build.0 = Debug|Win32
		{9C888E48-D21F-483D-AE31-8DA01E5E9B94}.Release|x64.ActiveCfg = Release|x64
		{9C888E48-D21F-483D-AE31-8DA01E5E9B94}.Release|x64.Build.0 = Release|x64
		{9C888E48-D21F-483D-AE31-8DA01E5E9B94}.Release|x86.ActiveCfg = Release|Win32
		{9C888E48-D21F-483D-AE31-8DA01E5E9B94}.Release|x86.Build.0 = Release|Win32
		{C40A396C-A2E9-44BD-8E12-C2FB03AD18D4}.Debug|x64.ActiveCfg = Debug|x64
		{C40A396C-A2E9-44BD-8E12-C2FB03AD18D4}.Debug|x64.Build.0 = Debug|x64
		{C40A396C-A2E9-44BD-8E12-C2FB03AD18D4}.Debug|x86.ActiveCfg = Debug|Win32
		{C40A396C-A2E9-44BD-8E12-C2FB03AD18D4}.Debug|x86.Build.0 = Debug|Win32
		{C40A396C-A2E9-44BD-8E12-C2FB03AD18D4}.Release|x64.ActiveCfg = Release|x64
		{C40A396C-A2E9-44BD-8E12-C2FB03AD18D4}.Release|x64.Build.0 = Release|x64
		{C40A396C-A2E9-44BD-8E12-C2FB03AD18D4}.Release|x86.ActiveCfg = Release|Win32
		{C40A396C-A2E9-44BD-8E12-C2FB03AD18D4}.Release|x86.Build.0 = Release|Win32
		{CB4EEC69-0150-4D7B-8F0B-6E177BE12477}.Debug|x64.ActiveCfg = Debug|x64
		{CB4EEC69-0150-4D7B-8F0B-6E177BE12477}.Debug|x64.Build.0 = Debug|x64
		{CB4EEC69-0150-4D7B-8F0B-6E177BE12477}.Debug|x86.ActiveCfg = Debug|Win32
		{CB4EEC69-0150-4D7B-8F0B-6E177BE12477}.Debug|x86.Build.0 = Debug|Win32
		{CB4EEC69-0150-4D7B-8F0B-6E177BE12477}.Release|x64.ActiveCfg = Release|x64
		{CB4EEC69-0150-4D7B-8F0B-6E177BE12477}.Release|x64.Build.0 = Release|x64
		{CB4EEC69-0150-4D7B-8F0B-6E177BE12477}.Release|x86.ActiveCfg = Release|Win32
		{CB4EEC69-0150-4D7B-8F0B-6E177BE12477}.Release|x86.Build.0 = Release|Win32
		{A06E2825-E75B-4723-BF28-4DBEAC597D77}.Debug|x64.ActiveCfg = Debug|x64
		{A06E2825-E75B-4723-BF28-4DBEAC597D77}.Debug|x64.Build.0 = Debug|x64
		{A06E2825-E75B-4723-BF28-4DBEAC597D77}.Debug|x86.ActiveCfg = Debug|Win32
		{A06E2825-E75B-4723-BF28-4DBEAC597D77}.Debug|x86.Build.0 = Debug|Win32
		{A06E2825-E75B-4723-BF28-4DBEAC597D77}.Release|x64.ActiveCfg = Release|x64
		{A06E2825-E75B-4723-BF28-4DBEAC597D77}.Release|x64.Build.0 = Release|x64
		{A06E2825-E75B-4723-BF28-4DBEAC597D77}.Release|x86.ActiveCfg = Release|Win32
		{A06E2825-E75B-4723-BF28-4DBEAC597D77}.Release|x86.Build.0 = Release|Win32
		{2178A250-3F6E-4F10-B0A3-8391E9331EA4}.Debug|x64.ActiveCfg = Debug|x64
		{2178A250-3F6E-4F10-B0A3-8391E9331EA4}.Debug|x64.Build.0 = Debug|x64
		{2178A250-3F6E-4F10-B0A3-8391E9331EA4}.Debug|x86.ActiveCfg = Debug|Win32
		{2178A250-3F6E-4F10-B0A3-8391E9331EA4}.Debug|x86.Build.0 = Debug|Win32
		{2178A250-3F6E-4F10-B0A3-8391E9331EA4}.Release|x64.ActiveCfg = Release|x64
		{2178A250-3F6E-4F10-B0A3-8391E9331EA4}.Release|x64.Build.0 = Release|x64
		{2178A250-3F6E-4F10-B0A3-8391E9331EA4}.Release|x86.ActiveCfg = Release|Win32
		{2178A250-3F6E-4F10-B0A3-8391E9331EA4}.Release|x86.Build.0 = Release|Win32
		{C4080146-C00A-44AB-A27D-D6A138FBF39E}.Debug|x64.ActiveCfg = Debug|x64
		{C4080146-C00A-44AB-A27D-D6A138FBF39E}.Debug|x64.Build.0 = Debug|x64
		{C4080146-C00A-44AB-A27D-D6A138FBF39E}.Debug|x86.ActiveCfg = Debug|Win32
		{C4080146-C00A-44AB-A27D-D6A138FBF39E}.Debug|x86.Build.0 = Debug|Win32
		{C4080146-C00A-44AB-A27D-D6A138FBF39E}.Release|x64.ActiveCfg = Release|x64
		{C4080146-C00A-44AB-A27D-D6A138FBF39E}.Release|x64.Build.0 = Release|x64
		{C4080146-C00A-44AB-A27D-D6A138FBF39E}.Release|x86.ActiveCfg = Release|Win32
		{C4080146-C00A-44AB-A27D-D6A138FBF39E}.Release|x86.Build.0 = Release|Win32
	EndGlobalSection
	GlobalSection(SolutionProperties) = preSolution
		HideSolutionNode = FALSE
	EndGlobalSection
	GlobalSection(NestedProjects) = preSolution
		{B70CAF70-7709-4208-A4FA-C92233212E70} = {F8FF1661-AACA-45A7-9017-81160AE47CD8}
		{B9D8AC02-E64D-42E6-8311-1C9C73CBC26B} = {F8FF1661-AACA-45A7-9017-81160AE47CD8}
		{0D66F4FB-372E-42F4-8269-04E18FF7D8AC} = {F8FF1661-AACA-45A7-9017-81160AE47CD8}
		{570FDD22-A2F8-4E6A-A5E7-16D4A5D8FC1D} = {F8FF1661-AACA-45A7-9017-81160AE47CD8}
		{53D873BF-8498-4575-9669-21C0301D2DA9} = {F8FF1661-AACA-45A7-9017-81160AE47CD8}
		{47D448DE-0F5A-4D09-A467-58712085590D} = {F8FF1661-AACA-45A7-9017-81160AE47CD8}
		{B2A105AC-57B4-4879-81D5-E2FEA2E3E9A1} = {F8FF1661-AACA-45A7-9017-81160AE47CD8}
		{75CF5969-994E-45F5-BF4A-3C8E5F4975C9} = {F8FF1661-AACA-45A7-9017-81160AE47CD8}
		{9C888E48-D21F-483D-AE31-8DA01E5E9B94} = {F8FF1661-AACA-45A7-9017-81160AE47CD8}
		{C40A396C-A2E9-44BD-8E12-C2FB03AD18D4} = {F8FF1661-AACA-45A7-9017-81160AE47CD8}
		{CB4EEC69-0150-4D7B-8F0B-6E177BE12477} = {F8FF1661-AACA-45A7-9017-81160AE47CD8}
		{A06E2825-E75B-4723-BF28-4DBEAC597D77} = {F8FF1661-AACA-45A7-9017-81160AE47CD8}
		{2178A250-3F6E-4F10-B0A3-8391E9331EA4} = {F8FF1661-AACA-45A7-9017-81160AE47CD8}
		{C4080146-C00A-44AB-A27D-D6A138FBF39E} = {F8FF1661-AACA-45A7-9017-81160AE47CD8}
	EndGlobalSection
	GlobalSection(ExtensibilityGlobals) = postSolution
		SolutionGuid = {410E7A7A-1A63-40F7-9B37-56911B2A0CA6}
	EndGlobalSection
EndGlobal
